
Microsoft Visual Studio Solution File, Format Version 12.00
# Visual Studio 15
VisualStudioVersion = 15.0.28307.136
MinimumVisualStudioVersion = 10.0.40219.1
Project("{FAE04EC0-301F-11D3-BF4B-00C04F79EFBC}") = "Steelseries Gamesense API Proxy", "Steelseries Gamesense API Proxy.csproj", "{0D2344D2-66E9-40A0-AF95-BD9B25FE3AA2}"
EndProject
Global
	GlobalSection(SolutionConfigurationPlatforms) = preSolution
		Debug|Any CPU = Debug|Any CPU
		Release|Any CPU = Release|Any CPU
	EndGlobalSection
	GlobalSection(ProjectConfigurationPlatforms) = postSolution
		{0D2344D2-66E9-40A0-AF95-BD9B25FE3AA2}.Debug|Any CPU.ActiveCfg = Debug|Any CPU
		{0D2344D2-66E9-40A0-AF95-BD9B25FE3AA2}.Debug|Any CPU.Build.0 = Debug|Any CPU
		{0D2344D2-66E9-40A0-AF95-BD9B25FE3AA2}.Release|Any CPU.ActiveCfg = Release|Any CPU
		{0D2344D2-66E9-40A0-AF95-BD9B25FE3AA2}.Release|Any CPU.Build.0 = Release|Any CPU
	EndGlobalSection
	GlobalSection(SolutionProperties) = preSolution
		HideSolutionNode = FALSE
	EndGlobalSection
	GlobalSection(ExtensibilityGlobals) = postSolution
		SolutionGuid = {76F0D366-EB34-4385-9C45-5F27EE8009DA}
	EndGlobalSection
EndGlobal
